
Microsoft Visual Studio Solution File, Format Version 12.00
# Visual Studio Version 16
VisualStudioVersion = 16.0.28729.10
MinimumVisualStudioVersion = 10.0.40219.1
Project("{FAE04EC0-301F-11D3-BF4B-00C04F79EFBC}") = "CSII Element", "CSII Element.csproj", "{6A8381EE-AD13-4DB5-9336-A243278669D5}"
EndProject
Global
	GlobalSection(SolutionConfigurationPlatforms) = preSolution
		Debug|Any CPU = Debug|Any CPU
		Release|Any CPU = Release|Any CPU
	EndGlobalSection
	GlobalSection(ProjectConfigurationPlatforms) = postSolution
		{6A8381EE-AD13-4DB5-9336-A243278669D5}.Debug|Any CPU.ActiveCfg = Debug|Any CPU
		{6A8381EE-AD13-4DB5-9336-A243278669D5}.Debug|Any CPU.Build.0 = Debug|Any CPU
		{6A8381EE-AD13-4DB5-9336-A243278669D5}.Release|Any CPU.ActiveCfg = Release|Any CPU
		{6A8381EE-AD13-4DB5-9336-A243278669D5}.Release|Any CPU.Build.0 = Release|Any CPU
	EndGlobalSection
	GlobalSection(SolutionProperties) = preSolution
		HideSolutionNode = FALSE
	EndGlobalSection
	GlobalSection(ExtensibilityGlobals) = postSolution
		SolutionGuid = {6DD444F6-841D-46E5-9766-54BD5E7988C7}
	EndGlobalSection
EndGlobal
